// !$*UTF8*$!
{
	archiveVersion = 1;
	classes = {
	};
	objectVersion = 50;
	objects = {

/* Begin PBXBuildFile section */
		CE553009244C521E00EDC312 /* AppDelegate.swift in Sources */ = {isa = PBXBuildFile; fileRef = CE553008244C521E00EDC312 /* AppDelegate.swift */; };
		CE55300D244C521E00EDC312 /* CovidMapVC.swift in Sources */ = {isa = PBXBuildFile; fileRef = CE55300C244C521E00EDC312 /* CovidMapVC.swift */; };
		CE553010244C521E00EDC312 /* Main.storyboard in Resources */ = {isa = PBXBuildFile; fileRef = CE55300E244C521E00EDC312 /* Main.storyboard */; };
		CE553012244C522000EDC312 /* Assets.xcassets in Resources */ = {isa = PBXBuildFile; fileRef = CE553011244C522000EDC312 /* Assets.xcassets */; };
		CE553015244C522000EDC312 /* LaunchScreen.storyboard in Resources */ = {isa = PBXBuildFile; fileRef = CE553013244C522000EDC312 /* LaunchScreen.storyboard */; };
		CEC1B5E0244C61F300BCE768 /* Covid19Client.swift in Sources */ = {isa = PBXBuildFile; fileRef = CEC1B5DF244C61F300BCE768 /* Covid19Client.swift */; };
		CEC1B5E2244C62D400BCE768 /* Country.swift in Sources */ = {isa = PBXBuildFile; fileRef = CEC1B5E1244C62D400BCE768 /* Country.swift */; };
		CEC1B5E4244C692200BCE768 /* CountryDataResponse.swift in Sources */ = {isa = PBXBuildFile; fileRef = CEC1B5E3244C692200BCE768 /* CountryDataResponse.swift */; };
		CEC1B5E9244C7B5A00BCE768 /* DataController.swift in Sources */ = {isa = PBXBuildFile; fileRef = CEC1B5E8244C7B5A00BCE768 /* DataController.swift */; };
		CEC1B5EC244C7D7000BCE768 /* Covid19.xcdatamodeld in Sources */ = {isa = PBXBuildFile; fileRef = CEC1B5EA244C7D7000BCE768 /* Covid19.xcdatamodeld */; };
/* End PBXBuildFile section */

/* Begin PBXFileReference section */
		CE553005244C521E00EDC312 /* Covid19.app */ = {isa = PBXFileReference; explicitFileType = wrapper.application; includeInIndex = 0; path = Covid19.app; sourceTree = BUILT_PRODUCTS_DIR; };
		CE553008244C521E00EDC312 /* AppDelegate.swift */ = {isa = PBXFileReference; lastKnownFileType = sourcecode.swift; path = AppDelegate.swift; sourceTree = "<group>"; };
		CE55300C244C521E00EDC312 /* CovidMapVC.swift */ = {isa = PBXFileReference; lastKnownFileType = sourcecode.swift; path = CovidMapVC.swift; sourceTree = "<group>"; };
		CE55300F244C521E00EDC312 /* Base */ = {isa = PBXFileReference; lastKnownFileType = file.storyboard; name = Base; path = Base.lproj/Main.storyboard; sourceTree = "<group>"; };
		CE553011244C522000EDC312 /* Assets.xcassets */ = {isa = PBXFileReference; lastKnownFileType = folder.assetcatalog; path = Assets.xcassets; sourceTree = "<group>"; };
		CE553014244C522000EDC312 /* Base */ = {isa = PBXFileReference; lastKnownFileType = file.storyboard; name = Base; path = Base.lproj/LaunchScreen.storyboard; sourceTree = "<group>"; };
		CE553016244C522000EDC312 /* Info.plist */ = {isa = PBXFileReference; lastKnownFileType = text.plist.xml; path = Info.plist; sourceTree = "<group>"; };
		CEC1B5DF244C61F300BCE768 /* Covid19Client.swift */ = {isa = PBXFileReference; lastKnownFileType = sourcecode.swift; path = Covid19Client.swift; sourceTree = "<group>"; };
		CEC1B5E1244C62D400BCE768 /* Country.swift */ = {isa = PBXFileReference; lastKnownFileType = sourcecode.swift; path = Country.swift; sourceTree = "<group>"; };
		CEC1B5E3244C692200BCE768 /* CountryDataResponse.swift */ = {isa = PBXFileReference; lastKnownFileType = sourcecode.swift; path = CountryDataResponse.swift; sourceTree = "<group>"; };
		CEC1B5E8244C7B5A00BCE768 /* DataController.swift */ = {isa = PBXFileReference; lastKnownFileType = sourcecode.swift; path = DataController.swift; sourceTree = "<group>"; };
		CEC1B5EB244C7D7000BCE768 /* Covid19.xcdatamodel */ = {isa = PBXFileReference; lastKnownFileType = wrapper.xcdatamodel; path = Covid19.xcdatamodel; sourceTree = "<group>"; };
/* End PBXFileReference section */

/* Begin PBXFrameworksBuildPhase section */
		CE553002244C521E00EDC312 /* Frameworks */ = {
			isa = PBXFrameworksBuildPhase;
			buildActionMask = 2147483647;
			files = (
			);
			runOnlyForDeploymentPostprocessing = 0;
		};
/* End PBXFrameworksBuildPhase section */

/* Begin PBXGroup section */
		CE552FFC244C521E00EDC312 = {
			isa = PBXGroup;
			children = (
				CE553007244C521E00EDC312 /* Covid19 */,
				CE553006244C521E00EDC312 /* Products */,
			);
			sourceTree = "<group>";
		};
		CE553006244C521E00EDC312 /* Products */ = {
			isa = PBXGroup;
			children = (
				CE553005244C521E00EDC312 /* Covid19.app */,
			);
			name = Products;
			sourceTree = "<group>";
		};
		CE553007244C521E00EDC312 /* Covid19 */ = {
			isa = PBXGroup;
			children = (
				CE553008244C521E00EDC312 /* AppDelegate.swift */,
				CE55301E244C526000EDC312 /* Model */,
				CE55301D244C525C00EDC312 /* View */,
				CE55301C244C525300EDC312 /* Controller */,
				CE553016244C522000EDC312 /* Info.plist */,
			);
			path = Covid19;
			sourceTree = "<group>";
		};
		CE55301C244C525300EDC312 /* Controller */ = {
			isa = PBXGroup;
			children = (
				CE55300C244C521E00EDC312 /* CovidMapVC.swift */,
			);
			path = Controller;
			sourceTree = "<group>";
		};
		CE55301D244C525C00EDC312 /* View */ = {
			isa = PBXGroup;
			children = (
				CE55300E244C521E00EDC312 /* Main.storyboard */,
				CE553011244C522000EDC312 /* Assets.xcassets */,
				CE553013244C522000EDC312 /* LaunchScreen.storyboard */,
			);
			path = View;
			sourceTree = "<group>";
		};
		CE55301E244C526000EDC312 /* Model */ = {
			isa = PBXGroup;
			children = (
				CEC1B5DF244C61F300BCE768 /* Covid19Client.swift */,
				CEC1B5E1244C62D400BCE768 /* Country.swift */,
				CEC1B5E3244C692200BCE768 /* CountryDataResponse.swift */,
				CEC1B5E8244C7B5A00BCE768 /* DataController.swift */,
				CEC1B5EA244C7D7000BCE768 /* Covid19.xcdatamodeld */,
			);
			path = Model;
			sourceTree = "<group>";
		};
/* End PBXGroup section */

/* Begin PBXNativeTarget section */
		CE553004244C521E00EDC312 /* Covid19 */ = {
			isa = PBXNativeTarget;
			buildConfigurationList = CE553019244C522000EDC312 /* Build configuration list for PBXNativeTarget "Covid19" */;
			buildPhases = (
				CE553001244C521E00EDC312 /* Sources */,
				CE553002244C521E00EDC312 /* Frameworks */,
				CE553003244C521E00EDC312 /* Resources */,
			);
			buildRules = (
			);
			dependencies = (
			);
			name = Covid19;
			productName = Covid19;
			productReference = CE553005244C521E00EDC312 /* Covid19.app */;
			productType = "com.apple.product-type.application";
		};
/* End PBXNativeTarget section */

/* Begin PBXProject section */
		CE552FFD244C521E00EDC312 /* Project object */ = {
			isa = PBXProject;
			attributes = {
				LastSwiftUpdateCheck = 1130;
				LastUpgradeCheck = 1130;
				ORGANIZATIONNAME = ulkoart;
				TargetAttributes = {
					CE553004244C521E00EDC312 = {
						CreatedOnToolsVersion = 11.3.1;
					};
				};
			};
			buildConfigurationList = CE553000244C521E00EDC312 /* Build configuration list for PBXProject "Covid19" */;
			compatibilityVersion = "Xcode 9.3";
			developmentRegion = en;
			hasScannedForEncodings = 0;
			knownRegions = (
				en,
				Base,
			);
			mainGroup = CE552FFC244C521E00EDC312;
			productRefGroup = CE553006244C521E00EDC312 /* Products */;
			projectDirPath = "";
			projectRoot = "";
			targets = (
				CE553004244C521E00EDC312 /* Covid19 */,
			);
		};
/* End PBXProject section */

/* Begin PBXResourcesBuildPhase section */
		CE553003244C521E00EDC312 /* Resources */ = {
			isa = PBXResourcesBuildPhase;
			buildActionMask = 2147483647;
			files = (
				CE553015244C522000EDC312 /* LaunchScreen.storyboard in Resources */,
				CE553012244C522000EDC312 /* Assets.xcassets in Resources */,
				CE553010244C521E00EDC312 /* Main.storyboard in Resources */,
			);
			runOnlyForDeploymentPostprocessing = 0;
		};
/* End PBXResourcesBuildPhase section */

/* Begin PBXSourcesBuildPhase section */
		CE553001244C521E00EDC312 /* Sources */ = {
			isa = PBXSourcesBuildPhase;
			buildActionMask = 2147483647;
			files = (
				CEC1B5EC244C7D7000BCE768 /* Covid19.xcdatamodeld in Sources */,
				CEC1B5E9244C7B5A00BCE768 /* DataController.swift in Sources */,
				CE55300D244C521E00EDC312 /* CovidMapVC.swift in Sources */,
				CEC1B5E4244C692200BCE768 /* CountryDataResponse.swift in Sources */,
				CEC1B5E2244C62D400BCE768 /* Country.swift in Sources */,
				CE553009244C521E00EDC312 /* AppDelegate.swift in Sources */,
				CEC1B5E0244C61F300BCE768 /* Covid19Client.swift in Sources */,
			);
			runOnlyForDeploymentPostprocessing = 0;
		};
/* End PBXSourcesBuildPhase section */

/* Begin PBXVariantGroup section */
		CE55300E244C521E00EDC312 /* Main.storyboard */ = {
			isa = PBXVariantGroup;
			children = (
				CE55300F244C521E00EDC312 /* Base */,
			);
			name = Main.storyboard;
			sourceTree = "<group>";
		};
		CE553013244C522000EDC312 /* LaunchScreen.storyboard */ = {
			isa = PBXVariantGroup;
			children = (
				CE553014244C522000EDC312 /* Base */,
			);
			name = LaunchScreen.storyboard;
			sourceTree = "<group>";
		};
/* End PBXVariantGroup section */

/* Begin XCBuildConfiguration section */
		CE553017244C522000EDC312 /* Debug */ = {
			isa = XCBuildConfiguration;
			buildSettings = {
				ALWAYS_SEARCH_USER_PATHS = NO;
				CLANG_ANALYZER_NONNULL = YES;
				CLANG_ANALYZER_NUMBER_OBJECT_CONVERSION = YES_AGGRESSIVE;
				CLANG_CXX_LANGUAGE_STANDARD = "gnu++14";
				CLANG_CXX_LIBRARY = "libc++";
				CLANG_ENABLE_MODULES = YES;
				CLANG_ENABLE_OBJC_ARC = YES;
				CLANG_ENABLE_OBJC_WEAK = YES;
				CLANG_WARN_BLOCK_CAPTURE_AUTORELEASING = YES;
				CLANG_WARN_BOOL_CONVERSION = YES;
				CLANG_WARN_COMMA = YES;
				CLANG_WARN_CONSTANT_CONVERSION = YES;
				CLANG_WARN_DEPRECATED_OBJC_IMPLEMENTATIONS = YES;
				CLANG_WARN_DIRECT_OBJC_ISA_USAGE = YES_ERROR;
				CLANG_WARN_DOCUMENTATION_COMMENTS = YES;
				CLANG_WARN_EMPTY_BODY = YES;
				CLANG_WARN_ENUM_CONVERSION = YES;
				CLANG_WARN_INFINITE_RECURSION = YES;
				CLANG_WARN_INT_CONVERSION = YES;
				CLANG_WARN_NON_LITERAL_NULL_CONVERSION = YES;
				CLANG_WARN_OBJC_IMPLICIT_RETAIN_SELF = YES;
				CLANG_WARN_OBJC_LITERAL_CONVERSION = YES;
				CLANG_WARN_OBJC_ROOT_CLASS = YES_ERROR;
				CLANG_WARN_RANGE_LOOP_ANALYSIS = YES;
				CLANG_WARN_STRICT_PROTOTYPES = YES;
				CLANG_WARN_SUSPICIOUS_MOVE = YES;
				CLANG_WARN_UNGUARDED_AVAILABILITY = YES_AGGRESSIVE;
				CLANG_WARN_UNREACHABLE_CODE = YES;
				CLANG_WARN__DUPLICATE_METHOD_MATCH = YES;
				COPY_PHASE_STRIP = NO;
				DEBUG_INFORMATION_FORMAT = dwarf;
				ENABLE_STRICT_OBJC_MSGSEND = YES;
				ENABLE_TESTABILITY = YES;
				GCC_C_LANGUAGE_STANDARD = gnu11;
				GCC_DYNAMIC_NO_PIC = NO;
				GCC_NO_COMMON_BLOCKS = YES;
				GCC_OPTIMIZATION_LEVEL = 0;
				GCC_PREPROCESSOR_DEFINITIONS = (
					"DEBUG=1",
					"$(inherited)",
				);
				GCC_WARN_64_TO_32_BIT_CONVERSION = YES;
				GCC_WARN_ABOUT_RETURN_TYPE = YES_ERROR;
				GCC_WARN_UNDECLARED_SELECTOR = YES;
				GCC_WARN_UNINITIALIZED_AUTOS = YES_AGGRESSIVE;
				GCC_WARN_UNUSED_FUNCTION = YES;
				GCC_WARN_UNUSED_VARIABLE = YES;
				IPHONEOS_DEPLOYMENT_TARGET = 13.2;
				MTL_ENABLE_DEBUG_INFO = INCLUDE_SOURCE;
				MTL_FAST_MATH = YES;
				ONLY_ACTIVE_ARCH = YES;
				SDKROOT = iphoneos;
				SWIFT_ACTIVE_COMPILATION_CONDITIONS = DEBUG;
				SWIFT_OPTIMIZATION_LEVEL = "-Onone";
			};
			name = Debug;
		};
		CE553018244C522000EDC312 /* Release */ = {
			isa = XCBuildConfiguration;
			buildSettings = {
				ALWAYS_SEARCH_USER_PATHS = NO;
				CLANG_ANALYZER_NONNULL = YES;
				CLANG_ANALYZER_NUMBER_OBJECT_CONVERSION = YES_AGGRESSIVE;
				CLANG_CXX_LANGUAGE_STANDARD = "gnu++14";
				CLANG_CXX_LIBRARY = "libc++";
				CLANG_ENABLE_MODULES = YES;
				CLANG_ENABLE_OBJC_ARC = YES;
				CLANG_ENABLE_OBJC_WEAK = YES;
				CLANG_WARN_BLOCK_CAPTURE_AUTORELEASING = YES;
				CLANG_WARN_BOOL_CONVERSION = YES;
				CLANG_WARN_COMMA = YES;
				CLANG_WARN_CONSTANT_CONVERSION = YES;
				CLANG_WARN_DEPRECATED_OBJC_IMPLEMENTATIONS = YES;
				CLANG_WARN_DIRECT_OBJC_ISA_USAGE = YES_ERROR;
				CLANG_WARN_DOCUMENTATION_COMMENTS = YES;
				CLANG_WARN_EMPTY_BODY = YES;
				CLANG_WARN_ENUM_CONVERSION = YES;
				CLANG_WARN_INFINITE_RECURSION = YES;
				CLANG_WARN_INT_CONVERSION = YES;
				CLANG_WARN_NON_LITERAL_NULL_CONVERSION = YES;
				CLANG_WARN_OBJC_IMPLICIT_RETAIN_SELF = YES;
				CLANG_WARN_OBJC_LITERAL_CONVERSION = YES;
				CLANG_WARN_OBJC_ROOT_CLASS = YES_ERROR;
				CLANG_WARN_RANGE_LOOP_ANALYSIS = YES;
				CLANG_WARN_STRICT_PROTOTYPES = YES;
				CLANG_WARN_SUSPICIOUS_MOVE = YES;
				CLANG_WARN_UNGUARDED_AVAILABILITY = YES_AGGRESSIVE;
				CLANG_WARN_UNREACHABLE_CODE = YES;
				CLANG_WARN__DUPLICATE_METHOD_MATCH = YES;
				COPY_PHASE_STRIP = NO;
				DEBUG_INFORMATION_FORMAT = "dwarf-with-dsym";
				ENABLE_NS_ASSERTIONS = NO;
				ENABLE_STRICT_OBJC_MSGSEND = YES;
				GCC_C_LANGUAGE_STANDARD = gnu11;
				GCC_NO_COMMON_BLOCKS = YES;
				GCC_WARN_64_TO_32_BIT_CONVERSION = YES;
				GCC_WARN_ABOUT_RETURN_TYPE = YES_ERROR;
				GCC_WARN_UNDECLARED_SELECTOR = YES;
				GCC_WARN_UNINITIALIZED_AUTOS = YES_AGGRESSIVE;
				GCC_WARN_UNUSED_FUNCTION = YES;
				GCC_WARN_UNUSED_VARIABLE = YES;
				IPHONEOS_DEPLOYMENT_TARGET = 13.2;
				MTL_ENABLE_DEBUG_INFO = NO;
				MTL_FAST_MATH = YES;
				SDKROOT = iphoneos;
				SWIFT_COMPILATION_MODE = wholemodule;
				SWIFT_OPTIMIZATION_LEVEL = "-O";
				VALIDATE_PRODUCT = YES;
			};
			name = Release;
		};
		CE55301A244C522000EDC312 /* Debug */ = {
			isa = XCBuildConfiguration;
			buildSettings = {
				ASSETCATALOG_COMPILER_APPICON_NAME = AppIcon;
				CODE_SIGN_STYLE = Automatic;
				DEVELOPMENT_TEAM = 2PQNZ2TUC3;
				INFOPLIST_FILE = Covid19/Info.plist;
				IPHONEOS_DEPLOYMENT_TARGET = 10.0;
				LD_RUNPATH_SEARCH_PATHS = (
					"$(inherited)",
					"@executable_path/Frameworks",
				);
				PRODUCT_BUNDLE_IDENTIFIER = ulkoart.Covid19;
				PRODUCT_NAME = "$(TARGET_NAME)";
				SWIFT_VERSION = 5.0;
				TARGETED_DEVICE_FAMILY = "1,2";
			};
			name = Debug;
		};
		CE55301B244C522000EDC312 /* Release */ = {
			isa = XCBuildConfiguration;
			buildSettings = {
				ASSETCATALOG_COMPILER_APPICON_NAME = AppIcon;
				CODE_SIGN_STYLE = Automatic;
				DEVELOPMENT_TEAM = 2PQNZ2TUC3;
				INFOPLIST_FILE = Covid19/Info.plist;
				IPHONEOS_DEPLOYMENT_TARGET = 10.0;
				LD_RUNPATH_SEARCH_PATHS = (
					"$(inherited)",
					"@executable_path/Frameworks",
				);
				PRODUCT_BUNDLE_IDENTIFIER = ulkoart.Covid19;
				PRODUCT_NAME = "$(TARGET_NAME)";
				SWIFT_VERSION = 5.0;
				TARGETED_DEVICE_FAMILY = "1,2";
			};
			name = Release;
		};
/* End XCBuildConfiguration section */

/* Begin XCConfigurationList section */
		CE553000244C521E00EDC312 /* Build configuration list for PBXProject "Covid19" */ = {
			isa = XCConfigurationList;
			buildConfigurations = (
				CE553017244C522000EDC312 /* Debug */,
				CE553018244C522000EDC312 /* Release */,
			);
			defaultConfigurationIsVisible = 0;
			defaultConfigurationName = Release;
		};
		CE553019244C522000EDC312 /* Build configuration list for PBXNativeTarget "Covid19" */ = {
			isa = XCConfigurationList;
			buildConfigurations = (
				CE55301A244C522000EDC312 /* Debug */,
				CE55301B244C522000EDC312 /* Release */,
			);
			defaultConfigurationIsVisible = 0;
			defaultConfigurationName = Release;
		};
/* End XCConfigurationList section */

/* Begin XCVersionGroup section */
		CEC1B5EA244C7D7000BCE768 /* Covid19.xcdatamodeld */ = {
			isa = XCVersionGroup;
			children = (
				CEC1B5EB244C7D7000BCE768 /* Covid19.xcdatamodel */,
			);
			currentVersion = CEC1B5EB244C7D7000BCE768 /* Covid19.xcdatamodel */;
			path = Covid19.xcdatamodeld;
			sourceTree = "<group>";
			versionGroupType = wrapper.xcdatamodel;
		};
/* End XCVersionGroup section */
	};
	rootObject = CE552FFD244C521E00EDC312 /* Project object */;
}
